// !$*UTF8*$!
{
	archiveVersion = 1;
	classes = {
	};
	objectVersion = 56;
	objects = {

/* Begin PBXBuildFile section */
		3B2426D22B68488C00EDF5D4 /* LandingView.swift in Sources */ = {isa = PBXBuildFile; fileRef = 3B2426D12B68488C00EDF5D4 /* LandingView.swift */; };
		3B2426D42B68494800EDF5D4 /* ChatView.swift in Sources */ = {isa = PBXBuildFile; fileRef = 3B2426D32B68494800EDF5D4 /* ChatView.swift */; };
		3B2426D62B684CE100EDF5D4 /* MessageRow.swift in Sources */ = {isa = PBXBuildFile; fileRef = 3B2426D52B684CE100EDF5D4 /* MessageRow.swift */; };
		3B2426D82B69561A00EDF5D4 /* Message.swift in Sources */ = {isa = PBXBuildFile; fileRef = 3B2426D72B69561A00EDF5D4 /* Message.swift */; };
		3B2426DA2B69564800EDF5D4 /* MessageSide.swift in Sources */ = {isa = PBXBuildFile; fileRef = 3B2426D92B69564800EDF5D4 /* MessageSide.swift */; };
		3B2426DC2B69753400EDF5D4 /* ChatMessagesView.swift in Sources */ = {isa = PBXBuildFile; fileRef = 3B2426DB2B69753400EDF5D4 /* ChatMessagesView.swift */; };
		3B47EFE12B521914003208FA /* WebSocketExampleApp.swift in Sources */ = {isa = PBXBuildFile; fileRef = 3B47EFE02B521914003208FA /* WebSocketExampleApp.swift */; };
		3B47EFE32B521914003208FA /* ContentView.swift in Sources */ = {isa = PBXBuildFile; fileRef = 3B47EFE22B521914003208FA /* ContentView.swift */; };
		3B47EFE52B521916003208FA /* Assets.xcassets in Resources */ = {isa = PBXBuildFile; fileRef = 3B47EFE42B521916003208FA /* Assets.xcassets */; };
		3B47EFE92B521916003208FA /* Preview Assets.xcassets in Resources */ = {isa = PBXBuildFile; fileRef = 3B47EFE82B521916003208FA /* Preview Assets.xcassets */; };
		3B47EFF32B521917003208FA /* WebSocketExampleTests.swift in Sources */ = {isa = PBXBuildFile; fileRef = 3B47EFF22B521917003208FA /* WebSocketExampleTests.swift */; };
		3B47EFFD2B521917003208FA /* WebSocketExampleUITests.swift in Sources */ = {isa = PBXBuildFile; fileRef = 3B47EFFC2B521917003208FA /* WebSocketExampleUITests.swift */; };
		3B47EFFF2B521917003208FA /* WebSocketExampleUITestsLaunchTests.swift in Sources */ = {isa = PBXBuildFile; fileRef = 3B47EFFE2B521917003208FA /* WebSocketExampleUITestsLaunchTests.swift */; };
		3B47F00C2B5219DE003208FA /* WebSocketManager.swift in Sources */ = {isa = PBXBuildFile; fileRef = 3B47F00B2B5219DE003208FA /* WebSocketManager.swift */; };
/* End PBXBuildFile section */

/* Begin PBXContainerItemProxy section */
		3B47EFEF2B521917003208FA /* PBXContainerItemProxy */ = {
			isa = PBXContainerItemProxy;
			containerPortal = 3B47EFD52B521914003208FA /* Project object */;
			proxyType = 1;
			remoteGlobalIDString = 3B47EFDC2B521914003208FA;
			remoteInfo = WebSocketExample;
		};
		3B47EFF92B521917003208FA /* PBXContainerItemProxy */ = {
			isa = PBXContainerItemProxy;
			containerPortal = 3B47EFD52B521914003208FA /* Project object */;
			proxyType = 1;
			remoteGlobalIDString = 3B47EFDC2B521914003208FA;
			remoteInfo = WebSocketExample;
		};
/* End PBXContainerItemProxy section */

/* Begin PBXFileReference section */
		3B2426D12B68488C00EDF5D4 /* LandingView.swift */ = {isa = PBXFileReference; lastKnownFileType = sourcecode.swift; path = LandingView.swift; sourceTree = "<group>"; };
		3B2426D32B68494800EDF5D4 /* ChatView.swift */ = {isa = PBXFileReference; lastKnownFileType = sourcecode.swift; path = ChatView.swift; sourceTree = "<group>"; };
		3B2426D52B684CE100EDF5D4 /* MessageRow.swift */ = {isa = PBXFileReference; lastKnownFileType = sourcecode.swift; path = MessageRow.swift; sourceTree = "<group>"; };
		3B2426D72B69561A00EDF5D4 /* Message.swift */ = {isa = PBXFileReference; lastKnownFileType = sourcecode.swift; path = Message.swift; sourceTree = "<group>"; };
		3B2426D92B69564800EDF5D4 /* MessageSide.swift */ = {isa = PBXFileReference; lastKnownFileType = sourcecode.swift; path = MessageSide.swift; sourceTree = "<group>"; };
		3B2426DB2B69753400EDF5D4 /* ChatMessagesView.swift */ = {isa = PBXFileReference; lastKnownFileType = sourcecode.swift; path = ChatMessagesView.swift; sourceTree = "<group>"; };
		3B47EFDD2B521914003208FA /* WebSocketExample.app */ = {isa = PBXFileReference; explicitFileType = wrapper.application; includeInIndex = 0; path = WebSocketExample.app; sourceTree = BUILT_PRODUCTS_DIR; };
		3B47EFE02B521914003208FA /* WebSocketExampleApp.swift */ = {isa = PBXFileReference; lastKnownFileType = sourcecode.swift; path = WebSocketExampleApp.swift; sourceTree = "<group>"; };
		3B47EFE22B521914003208FA /* ContentView.swift */ = {isa = PBXFileReference; lastKnownFileType = sourcecode.swift; path = ContentView.swift; sourceTree = "<group>"; };
		3B47EFE42B521916003208FA /* Assets.xcassets */ = {isa = PBXFileReference; lastKnownFileType = folder.assetcatalog; path = Assets.xcassets; sourceTree = "<group>"; };
		3B47EFE62B521916003208FA /* WebSocketExample.entitlements */ = {isa = PBXFileReference; lastKnownFileType = text.plist.entitlements; path = WebSocketExample.entitlements; sourceTree = "<group>"; };
		3B47EFE82B521916003208FA /* Preview Assets.xcassets */ = {isa = PBXFileReference; lastKnownFileType = folder.assetcatalog; path = "Preview Assets.xcassets"; sourceTree = "<group>"; };
		3B47EFEE2B521917003208FA /* WebSocketExampleTests.xctest */ = {isa = PBXFileReference; explicitFileType = wrapper.cfbundle; includeInIndex = 0; path = WebSocketExampleTests.xctest; sourceTree = BUILT_PRODUCTS_DIR; };
		3B47EFF22B521917003208FA /* WebSocketExampleTests.swift */ = {isa = PBXFileReference; lastKnownFileType = sourcecode.swift; path = WebSocketExampleTests.swift; sourceTree = "<group>"; };
		3B47EFF82B521917003208FA /* WebSocketExampleUITests.xctest */ = {isa = PBXFileReference; explicitFileType = wrapper.cfbundle; includeInIndex = 0; path = WebSocketExampleUITests.xctest; sourceTree = BUILT_PRODUCTS_DIR; };
		3B47EFFC2B521917003208FA /* WebSocketExampleUITests.swift */ = {isa = PBXFileReference; lastKnownFileType = sourcecode.swift; path = WebSocketExampleUITests.swift; sourceTree = "<group>"; };
		3B47EFFE2B521917003208FA /* WebSocketExampleUITestsLaunchTests.swift */ = {isa = PBXFileReference; lastKnownFileType = sourcecode.swift; path = WebSocketExampleUITestsLaunchTests.swift; sourceTree = "<group>"; };
		3B47F00B2B5219DE003208FA /* WebSocketManager.swift */ = {isa = PBXFileReference; lastKnownFileType = sourcecode.swift; path = WebSocketManager.swift; sourceTree = "<group>"; };
/* End PBXFileReference section */

/* Begin PBXFrameworksBuildPhase section */
		3B47EFDA2B521914003208FA /* Frameworks */ = {
			isa = PBXFrameworksBuildPhase;
			buildActionMask = 2147483647;
			files = (
			);
			runOnlyForDeploymentPostprocessing = 0;
		};
		3B47EFEB2B521917003208FA /* Frameworks */ = {
			isa = PBXFrameworksBuildPhase;
			buildActionMask = 2147483647;
			files = (
			);
			runOnlyForDeploymentPostprocessing = 0;
		};
		3B47EFF52B521917003208FA /* Frameworks */ = {
			isa = PBXFrameworksBuildPhase;
			buildActionMask = 2147483647;
			files = (
			);
			runOnlyForDeploymentPostprocessing = 0;
		};
/* End PBXFrameworksBuildPhase section */

/* Begin PBXGroup section */
		3B47EFD42B521914003208FA = {
			isa = PBXGroup;
			children = (
				3B47EFDF2B521914003208FA /* WebSocketExample */,
				3B47EFF12B521917003208FA /* WebSocketExampleTests */,
				3B47EFFB2B521917003208FA /* WebSocketExampleUITests */,
				3B47EFDE2B521914003208FA /* Products */,
			);
			sourceTree = "<group>";
		};
		3B47EFDE2B521914003208FA /* Products */ = {
			isa = PBXGroup;
			children = (
				3B47EFDD2B521914003208FA /* WebSocketExample.app */,
				3B47EFEE2B521917003208FA /* WebSocketExampleTests.xctest */,
				3B47EFF82B521917003208FA /* WebSocketExampleUITests.xctest */,
			);
			name = Products;
			sourceTree = "<group>";
		};
		3B47EFDF2B521914003208FA /* WebSocketExample */ = {
			isa = PBXGroup;
			children = (
				3B47EFE02B521914003208FA /* WebSocketExampleApp.swift */,
				3B47EFE22B521914003208FA /* ContentView.swift */,
				3B2426D32B68494800EDF5D4 /* ChatView.swift */,
				3B2426DB2B69753400EDF5D4 /* ChatMessagesView.swift */,
				3B2426D52B684CE100EDF5D4 /* MessageRow.swift */,
				3B2426D92B69564800EDF5D4 /* MessageSide.swift */,
				3B2426D12B68488C00EDF5D4 /* LandingView.swift */,
				3B47F00B2B5219DE003208FA /* WebSocketManager.swift */,
				3B2426D72B69561A00EDF5D4 /* Message.swift */,
				3B47EFE42B521916003208FA /* Assets.xcassets */,
				3B47EFE62B521916003208FA /* WebSocketExample.entitlements */,
				3B47EFE72B521916003208FA /* Preview Content */,
			);
			path = WebSocketExample;
			sourceTree = "<group>";
		};
		3B47EFE72B521916003208FA /* Preview Content */ = {
			isa = PBXGroup;
			children = (
				3B47EFE82B521916003208FA /* Preview Assets.xcassets */,
			);
			path = "Preview Content";
			sourceTree = "<group>";
		};
		3B47EFF12B521917003208FA /* WebSocketExampleTests */ = {
			isa = PBXGroup;
			children = (
				3B47EFF22B521917003208FA /* WebSocketExampleTests.swift */,
			);
			path = WebSocketExampleTests;
			sourceTree = "<group>";
		};
		3B47EFFB2B521917003208FA /* WebSocketExampleUITests */ = {
			isa = PBXGroup;
			children = (
				3B47EFFC2B521917003208FA /* WebSocketExampleUITests.swift */,
				3B47EFFE2B521917003208FA /* WebSocketExampleUITestsLaunchTests.swift */,
			);
			path = WebSocketExampleUITests;
			sourceTree = "<group>";
		};
/* End PBXGroup section */

/* Begin PBXNativeTarget section */
		3B47EFDC2B521914003208FA /* WebSocketExample */ = {
			isa = PBXNativeTarget;
			buildConfigurationList = 3B47F0022B521917003208FA /* Build configuration list for PBXNativeTarget "WebSocketExample" */;
			buildPhases = (
				3B47EFD92B521914003208FA /* Sources */,
				3B47EFDA2B521914003208FA /* Frameworks */,
				3B47EFDB2B521914003208FA /* Resources */,
			);
			buildRules = (
			);
			dependencies = (
			);
			name = WebSocketExample;
			productName = WebSocketExample;
			productReference = 3B47EFDD2B521914003208FA /* WebSocketExample.app */;
			productType = "com.apple.product-type.application";
		};
		3B47EFED2B521917003208FA /* WebSocketExampleTests */ = {
			isa = PBXNativeTarget;
			buildConfigurationList = 3B47F0052B521917003208FA /* Build configuration list for PBXNativeTarget "WebSocketExampleTests" */;
			buildPhases = (
				3B47EFEA2B521917003208FA /* Sources */,
				3B47EFEB2B521917003208FA /* Frameworks */,
				3B47EFEC2B521917003208FA /* Resources */,
			);
			buildRules = (
			);
			dependencies = (
				3B47EFF02B521917003208FA /* PBXTargetDependency */,
			);
			name = WebSocketExampleTests;
			productName = WebSocketExampleTests;
			productReference = 3B47EFEE2B521917003208FA /* WebSocketExampleTests.xctest */;
			productType = "com.apple.product-type.bundle.unit-test";
		};
		3B47EFF72B521917003208FA /* WebSocketExampleUITests */ = {
			isa = PBXNativeTarget;
			buildConfigurationList = 3B47F0082B521917003208FA /* Build configuration list for PBXNativeTarget "WebSocketExampleUITests" */;
			buildPhases = (
				3B47EFF42B521917003208FA /* Sources */,
				3B47EFF52B521917003208FA /* Frameworks */,
				3B47EFF62B521917003208FA /* Resources */,
			);
			buildRules = (
			);
			dependencies = (
				3B47EFFA2B521917003208FA /* PBXTargetDependency */,
			);
			name = WebSocketExampleUITests;
			productName = WebSocketExampleUITests;
			productReference = 3B47EFF82B521917003208FA /* WebSocketExampleUITests.xctest */;
			productType = "com.apple.product-type.bundle.ui-testing";
		};
/* End PBXNativeTarget section */

/* Begin PBXProject section */
		3B47EFD52B521914003208FA /* Project object */ = {
			isa = PBXProject;
			attributes = {
				BuildIndependentTargetsInParallel = 1;
				LastSwiftUpdateCheck = 1510;
				LastUpgradeCheck = 1510;
				TargetAttributes = {
					3B47EFDC2B521914003208FA = {
						CreatedOnToolsVersion = 15.1;
					};
					3B47EFED2B521917003208FA = {
						CreatedOnToolsVersion = 15.1;
						TestTargetID = 3B47EFDC2B521914003208FA;
					};
					3B47EFF72B521917003208FA = {
						CreatedOnToolsVersion = 15.1;
						TestTargetID = 3B47EFDC2B521914003208FA;
					};
				};
			};
			buildConfigurationList = 3B47EFD82B521914003208FA /* Build configuration list for PBXProject "WebSocketExample" */;
			compatibilityVersion = "Xcode 14.0";
			developmentRegion = en;
			hasScannedForEncodings = 0;
			knownRegions = (
				en,
				Base,
			);
			mainGroup = 3B47EFD42B521914003208FA;
			productRefGroup = 3B47EFDE2B521914003208FA /* Products */;
			projectDirPath = "";
			projectRoot = "";
			targets = (
				3B47EFDC2B521914003208FA /* WebSocketExample */,
				3B47EFED2B521917003208FA /* WebSocketExampleTests */,
				3B47EFF72B521917003208FA /* WebSocketExampleUITests */,
			);
		};
/* End PBXProject section */

/* Begin PBXResourcesBuildPhase section */
		3B47EFDB2B521914003208FA /* Resources */ = {
			isa = PBXResourcesBuildPhase;
			buildActionMask = 2147483647;
			files = (
				3B47EFE92B521916003208FA /* Preview Assets.xcassets in Resources */,
				3B47EFE52B521916003208FA /* Assets.xcassets in Resources */,
			);
			runOnlyForDeploymentPostprocessing = 0;
		};
		3B47EFEC2B521917003208FA /* Resources */ = {
			isa = PBXResourcesBuildPhase;
			buildActionMask = 2147483647;
			files = (
			);
			runOnlyForDeploymentPostprocessing = 0;
		};
		3B47EFF62B521917003208FA /* Resources */ = {
			isa = PBXResourcesBuildPhase;
			buildActionMask = 2147483647;
			files = (
			);
			runOnlyForDeploymentPostprocessing = 0;
		};
/* End PBXResourcesBuildPhase section */

/* Begin PBXSourcesBuildPhase section */
		3B47EFD92B521914003208FA /* Sources */ = {
			isa = PBXSourcesBuildPhase;
			buildActionMask = 2147483647;
			files = (
				3B2426D22B68488C00EDF5D4 /* LandingView.swift in Sources */,
				3B47EFE32B521914003208FA /* ContentView.swift in Sources */,
				3B2426D62B684CE100EDF5D4 /* MessageRow.swift in Sources */,
				3B2426D42B68494800EDF5D4 /* ChatView.swift in Sources */,
				3B2426DC2B69753400EDF5D4 /* ChatMessagesView.swift in Sources */,
				3B47F00C2B5219DE003208FA /* WebSocketManager.swift in Sources */,
				3B47EFE12B521914003208FA /* WebSocketExampleApp.swift in Sources */,
				3B2426DA2B69564800EDF5D4 /* MessageSide.swift in Sources */,
				3B2426D82B69561A00EDF5D4 /* Message.swift in Sources */,
			);
			runOnlyForDeploymentPostprocessing = 0;
		};
		3B47EFEA2B521917003208FA /* Sources */ = {
			isa = PBXSourcesBuildPhase;
			buildActionMask = 2147483647;
			files = (
				3B47EFF32B521917003208FA /* WebSocketExampleTests.swift in Sources */,
			);
			runOnlyForDeploymentPostprocessing = 0;
		};
		3B47EFF42B521917003208FA /* Sources */ = {
			isa = PBXSourcesBuildPhase;
			buildActionMask = 2147483647;
			files = (
				3B47EFFD2B521917003208FA /* WebSocketExampleUITests.swift in Sources */,
				3B47EFFF2B521917003208FA /* WebSocketExampleUITestsLaunchTests.swift in Sources */,
			);
			runOnlyForDeploymentPostprocessing = 0;
		};
/* End PBXSourcesBuildPhase section */

/* Begin PBXTargetDependency section */
		3B47EFF02B521917003208FA /* PBXTargetDependency */ = {
			isa = PBXTargetDependency;
			target = 3B47EFDC2B521914003208FA /* WebSocketExample */;
			targetProxy = 3B47EFEF2B521917003208FA /* PBXContainerItemProxy */;
		};
		3B47EFFA2B521917003208FA /* PBXTargetDependency */ = {
			isa = PBXTargetDependency;
			target = 3B47EFDC2B521914003208FA /* WebSocketExample */;
			targetProxy = 3B47EFF92B521917003208FA /* PBXContainerItemProxy */;
		};
/* End PBXTargetDependency section */

/* Begin XCBuildConfiguration section */
		3B47F0002B521917003208FA /* Debug */ = {
			isa = XCBuildConfiguration;
			buildSettings = {
				ALWAYS_SEARCH_USER_PATHS = NO;
				ASSETCATALOG_COMPILER_GENERATE_SWIFT_ASSET_SYMBOL_EXTENSIONS = YES;
				CLANG_ANALYZER_NONNULL = YES;
				CLANG_ANALYZER_NUMBER_OBJECT_CONVERSION = YES_AGGRESSIVE;
				CLANG_CXX_LANGUAGE_STANDARD = "gnu++20";
				CLANG_ENABLE_MODULES = YES;
				CLANG_ENABLE_OBJC_ARC = YES;
				CLANG_ENABLE_OBJC_WEAK = YES;
				CLANG_WARN_BLOCK_CAPTURE_AUTORELEASING = YES;
				CLANG_WARN_BOOL_CONVERSION = YES;
				CLANG_WARN_COMMA = YES;
				CLANG_WARN_CONSTANT_CONVERSION = YES;
				CLANG_WARN_DEPRECATED_OBJC_IMPLEMENTATIONS = YES;
				CLANG_WARN_DIRECT_OBJC_ISA_USAGE = YES_ERROR;
				CLANG_WARN_DOCUMENTATION_COMMENTS = YES;
				CLANG_WARN_EMPTY_BODY = YES;
				CLANG_WARN_ENUM_CONVERSION = YES;
				CLANG_WARN_INFINITE_RECURSION = YES;
				CLANG_WARN_INT_CONVERSION = YES;
				CLANG_WARN_NON_LITERAL_NULL_CONVERSION = YES;
				CLANG_WARN_OBJC_IMPLICIT_RETAIN_SELF = YES;
				CLANG_WARN_OBJC_LITERAL_CONVERSION = YES;
				CLANG_WARN_OBJC_ROOT_CLASS = YES_ERROR;
				CLANG_WARN_QUOTED_INCLUDE_IN_FRAMEWORK_HEADER = YES;
				CLANG_WARN_RANGE_LOOP_ANALYSIS = YES;
				CLANG_WARN_STRICT_PROTOTYPES = YES;
				CLANG_WARN_SUSPICIOUS_MOVE = YES;
				CLANG_WARN_UNGUARDED_AVAILABILITY = YES_AGGRESSIVE;
				CLANG_WARN_UNREACHABLE_CODE = YES;
				CLANG_WARN__DUPLICATE_METHOD_MATCH = YES;
				COPY_PHASE_STRIP = NO;
				DEBUG_INFORMATION_FORMAT = dwarf;
				ENABLE_STRICT_OBJC_MSGSEND = YES;
				ENABLE_TESTABILITY = YES;
				ENABLE_USER_SCRIPT_SANDBOXING = YES;
				GCC_C_LANGUAGE_STANDARD = gnu17;
				GCC_DYNAMIC_NO_PIC = NO;
				GCC_NO_COMMON_BLOCKS = YES;
				GCC_OPTIMIZATION_LEVEL = 0;
				GCC_PREPROCESSOR_DEFINITIONS = (
					"DEBUG=1",
					"$(inherited)",
				);
				GCC_WARN_64_TO_32_BIT_CONVERSION = YES;
				GCC_WARN_ABOUT_RETURN_TYPE = YES_ERROR;
				GCC_WARN_UNDECLARED_SELECTOR = YES;
				GCC_WARN_UNINITIALIZED_AUTOS = YES_AGGRESSIVE;
				GCC_WARN_UNUSED_FUNCTION = YES;
				GCC_WARN_UNUSED_VARIABLE = YES;
				LOCALIZATION_PREFERS_STRING_CATALOGS = YES;
				MTL_ENABLE_DEBUG_INFO = INCLUDE_SOURCE;
				MTL_FAST_MATH = YES;
				ONLY_ACTIVE_ARCH = YES;
				SWIFT_ACTIVE_COMPILATION_CONDITIONS = "DEBUG $(inherited)";
				SWIFT_OPTIMIZATION_LEVEL = "-Onone";
			};
			name = Debug;
		};
		3B47F0012B521917003208FA /* Release */ = {
			isa = XCBuildConfiguration;
			buildSettings = {
				ALWAYS_SEARCH_USER_PATHS = NO;
				ASSETCATALOG_COMPILER_GENERATE_SWIFT_ASSET_SYMBOL_EXTENSIONS = YES;
				CLANG_ANALYZER_NONNULL = YES;
				CLANG_ANALYZER_NUMBER_OBJECT_CONVERSION = YES_AGGRESSIVE;
				CLANG_CXX_LANGUAGE_STANDARD = "gnu++20";
				CLANG_ENABLE_MODULES = YES;
				CLANG_ENABLE_OBJC_ARC = YES;
				CLANG_ENABLE_OBJC_WEAK = YES;
				CLANG_WARN_BLOCK_CAPTURE_AUTORELEASING = YES;
				CLANG_WARN_BOOL_CONVERSION = YES;
				CLANG_WARN_COMMA = YES;
				CLANG_WARN_CONSTANT_CONVERSION = YES;
				CLANG_WARN_DEPRECATED_OBJC_IMPLEMENTATIONS = YES;
				CLANG_WARN_DIRECT_OBJC_ISA_USAGE = YES_ERROR;
				CLANG_WARN_DOCUMENTATION_COMMENTS = YES;
				CLANG_WARN_EMPTY_BODY = YES;
				CLANG_WARN_ENUM_CONVERSION = YES;
				CLANG_WARN_INFINITE_RECURSION = YES;
				CLANG_WARN_INT_CONVERSION = YES;
				CLANG_WARN_NON_LITERAL_NULL_CONVERSION = YES;
				CLANG_WARN_OBJC_IMPLICIT_RETAIN_SELF = YES;
				CLANG_WARN_OBJC_LITERAL_CONVERSION = YES;
				CLANG_WARN_OBJC_ROOT_CLASS = YES_ERROR;
				CLANG_WARN_QUOTED_INCLUDE_IN_FRAMEWORK_HEADER = YES;
				CLANG_WARN_RANGE_LOOP_ANALYSIS = YES;
				CLANG_WARN_STRICT_PROTOTYPES = YES;
				CLANG_WARN_SUSPICIOUS_MOVE = YES;
				CLANG_WARN_UNGUARDED_AVAILABILITY = YES_AGGRESSIVE;
				CLANG_WARN_UNREACHABLE_CODE = YES;
				CLANG_WARN__DUPLICATE_METHOD_MATCH = YES;
				COPY_PHASE_STRIP = NO;
				DEBUG_INFORMATION_FORMAT = "dwarf-with-dsym";
				ENABLE_NS_ASSERTIONS = NO;
				ENABLE_STRICT_OBJC_MSGSEND = YES;
				ENABLE_USER_SCRIPT_SANDBOXING = YES;
				GCC_C_LANGUAGE_STANDARD = gnu17;
				GCC_NO_COMMON_BLOCKS = YES;
				GCC_WARN_64_TO_32_BIT_CONVERSION = YES;
				GCC_WARN_ABOUT_RETURN_TYPE = YES_ERROR;
				GCC_WARN_UNDECLARED_SELECTOR = YES;
				GCC_WARN_UNINITIALIZED_AUTOS = YES_AGGRESSIVE;
				GCC_WARN_UNUSED_FUNCTION = YES;
				GCC_WARN_UNUSED_VARIABLE = YES;
				LOCALIZATION_PREFERS_STRING_CATALOGS = YES;
				MTL_ENABLE_DEBUG_INFO = NO;
				MTL_FAST_MATH = YES;
				SWIFT_COMPILATION_MODE = wholemodule;
			};
			name = Release;
		};
		3B47F0032B521917003208FA /* Debug */ = {
			isa = XCBuildConfiguration;
			buildSettings = {
				ASSETCATALOG_COMPILER_APPICON_NAME = AppIcon;
				ASSETCATALOG_COMPILER_GLOBAL_ACCENT_COLOR_NAME = AccentColor;
				CODE_SIGN_ENTITLEMENTS = WebSocketExample/WebSocketExample.entitlements;
				CODE_SIGN_STYLE = Automatic;
				CURRENT_PROJECT_VERSION = 1;
				DEVELOPMENT_ASSET_PATHS = "\"WebSocketExample/Preview Content\"";
				DEVELOPMENT_TEAM = 27AVALAT87;
				ENABLE_HARDENED_RUNTIME = YES;
				ENABLE_PREVIEWS = YES;
				GENERATE_INFOPLIST_FILE = YES;
				"INFOPLIST_KEY_UIApplicationSceneManifest_Generation[sdk=iphoneos*]" = YES;
				"INFOPLIST_KEY_UIApplicationSceneManifest_Generation[sdk=iphonesimulator*]" = YES;
				"INFOPLIST_KEY_UIApplicationSupportsIndirectInputEvents[sdk=iphoneos*]" = YES;
				"INFOPLIST_KEY_UIApplicationSupportsIndirectInputEvents[sdk=iphonesimulator*]" = YES;
				"INFOPLIST_KEY_UILaunchScreen_Generation[sdk=iphoneos*]" = YES;
				"INFOPLIST_KEY_UILaunchScreen_Generation[sdk=iphonesimulator*]" = YES;
				"INFOPLIST_KEY_UIStatusBarStyle[sdk=iphoneos*]" = UIStatusBarStyleDefault;
				"INFOPLIST_KEY_UIStatusBarStyle[sdk=iphonesimulator*]" = UIStatusBarStyleDefault;
				INFOPLIST_KEY_UISupportedInterfaceOrientations_iPad = "UIInterfaceOrientationPortrait UIInterfaceOrientationPortraitUpsideDown UIInterfaceOrientationLandscapeLeft UIInterfaceOrientationLandscapeRight";
				INFOPLIST_KEY_UISupportedInterfaceOrientations_iPhone = "UIInterfaceOrientationPortrait UIInterfaceOrientationLandscapeLeft UIInterfaceOrientationLandscapeRight";
				IPHONEOS_DEPLOYMENT_TARGET = 17.2;
				LD_RUNPATH_SEARCH_PATHS = "@executable_path/Frameworks";
				"LD_RUNPATH_SEARCH_PATHS[sdk=macosx*]" = "@executable_path/../Frameworks";
				MACOSX_DEPLOYMENT_TARGET = 14.2;
				MARKETING_VERSION = 1.0;
				PRODUCT_BUNDLE_IDENTIFIER = com.sixfivesoftware.WebSocketExample;
				PRODUCT_NAME = "$(TARGET_NAME)";
				SDKROOT = auto;
				SUPPORTED_PLATFORMS = "iphoneos iphonesimulator macosx";
				SWIFT_EMIT_LOC_STRINGS = YES;
				SWIFT_VERSION = 5.0;
				TARGETED_DEVICE_FAMILY = "1,2";
			};
			name = Debug;
		};
		3B47F0042B521917003208FA /* Release */ = {
			isa = XCBuildConfiguration;
			buildSettings = {
				ASSETCATALOG_COMPILER_APPICON_NAME = AppIcon;
				ASSETCATALOG_COMPILER_GLOBAL_ACCENT_COLOR_NAME = AccentColor;
				CODE_SIGN_ENTITLEMENTS = WebSocketExample/WebSocketExample.entitlements;
				CODE_SIGN_STYLE = Automatic;
				CURRENT_PROJECT_VERSION = 1;
				DEVELOPMENT_ASSET_PATHS = "\"WebSocketExample/Preview Content\"";
				DEVELOPMENT_TEAM = 27AVALAT87;
				ENABLE_HARDENED_RUNTIME = YES;
				ENABLE_PREVIEWS = YES;
				GENERATE_INFOPLIST_FILE = YES;
				"INFOPLIST_KEY_UIApplicationSceneManifest_Generation[sdk=iphoneos*]" = YES;
				"INFOPLIST_KEY_UIApplicationSceneManifest_Generation[sdk=iphonesimulator*]" = YES;
				"INFOPLIST_KEY_UIApplicationSupportsIndirectInputEvents[sdk=iphoneos*]" = YES;
				"INFOPLIST_KEY_UIApplicationSupportsIndirectInputEvents[sdk=iphonesimulator*]" = YES;
				"INFOPLIST_KEY_UILaunchScreen_Generation[sdk=iphoneos*]" = YES;
				"INFOPLIST_KEY_UILaunchScreen_Generation[sdk=iphonesimulator*]" = YES;
				"INFOPLIST_KEY_UIStatusBarStyle[sdk=iphoneos*]" = UIStatusBarStyleDefault;
				"INFOPLIST_KEY_UIStatusBarStyle[sdk=iphonesimulator*]" = UIStatusBarStyleDefault;
				INFOPLIST_KEY_UISupportedInterfaceOrientations_iPad = "UIInterfaceOrientationPortrait UIInterfaceOrientationPortraitUpsideDown UIInterfaceOrientationLandscapeLeft UIInterfaceOrientationLandscapeRight";
				INFOPLIST_KEY_UISupportedInterfaceOrientations_iPhone = "UIInterfaceOrientationPortrait UIInterfaceOrientationLandscapeLeft UIInterfaceOrientationLandscapeRight";
				IPHONEOS_DEPLOYMENT_TARGET = 17.2;
				LD_RUNPATH_SEARCH_PATHS = "@executable_path/Frameworks";
				"LD_RUNPATH_SEARCH_PATHS[sdk=macosx*]" = "@executable_path/../Frameworks";
				MACOSX_DEPLOYMENT_TARGET = 14.2;
				MARKETING_VERSION = 1.0;
				PRODUCT_BUNDLE_IDENTIFIER = com.sixfivesoftware.WebSocketExample;
				PRODUCT_NAME = "$(TARGET_NAME)";
				SDKROOT = auto;
				SUPPORTED_PLATFORMS = "iphoneos iphonesimulator macosx";
				SWIFT_EMIT_LOC_STRINGS = YES;
				SWIFT_VERSION = 5.0;
				TARGETED_DEVICE_FAMILY = "1,2";
			};
			name = Release;
		};
		3B47F0062B521917003208FA /* Debug */ = {
			isa = XCBuildConfiguration;
			buildSettings = {
				ALWAYS_EMBED_SWIFT_STANDARD_LIBRARIES = YES;
				BUNDLE_LOADER = "$(TEST_HOST)";
				CODE_SIGN_STYLE = Automatic;
				CURRENT_PROJECT_VERSION = 1;
				DEVELOPMENT_TEAM = 27AVALAT87;
				GENERATE_INFOPLIST_FILE = YES;
				IPHONEOS_DEPLOYMENT_TARGET = 17.2;
				MACOSX_DEPLOYMENT_TARGET = 14.2;
				MARKETING_VERSION = 1.0;
				PRODUCT_BUNDLE_IDENTIFIER = com.sixfivesoftware.WebSocketExampleTests;
				PRODUCT_NAME = "$(TARGET_NAME)";
				SDKROOT = auto;
				SUPPORTED_PLATFORMS = "iphoneos iphonesimulator macosx";
				SWIFT_EMIT_LOC_STRINGS = NO;
				SWIFT_VERSION = 5.0;
				TARGETED_DEVICE_FAMILY = "1,2";
				TEST_HOST = "$(BUILT_PRODUCTS_DIR)/WebSocketExample.app/$(BUNDLE_EXECUTABLE_FOLDER_PATH)/WebSocketExample";
			};
			name = Debug;
		};
		3B47F0072B521917003208FA /* Release */ = {
			isa = XCBuildConfiguration;
			buildSettings = {
				ALWAYS_EMBED_SWIFT_STANDARD_LIBRARIES = YES;
				BUNDLE_LOADER = "$(TEST_HOST)";
				CODE_SIGN_STYLE = Automatic;
				CURRENT_PROJECT_VERSION = 1;
				DEVELOPMENT_TEAM = 27AVALAT87;
				GENERATE_INFOPLIST_FILE = YES;
				IPHONEOS_DEPLOYMENT_TARGET = 17.2;
				MACOSX_DEPLOYMENT_TARGET = 14.2;
				MARKETING_VERSION = 1.0;
				PRODUCT_BUNDLE_IDENTIFIER = com.sixfivesoftware.WebSocketExampleTests;
				PRODUCT_NAME = "$(TARGET_NAME)";
				SDKROOT = auto;
				SUPPORTED_PLATFORMS = "iphoneos iphonesimulator macosx";
				SWIFT_EMIT_LOC_STRINGS = NO;
				SWIFT_VERSION = 5.0;
				TARGETED_DEVICE_FAMILY = "1,2";
				TEST_HOST = "$(BUILT_PRODUCTS_DIR)/WebSocketExample.app/$(BUNDLE_EXECUTABLE_FOLDER_PATH)/WebSocketExample";
			};
			name = Release;
		};
		3B47F0092B521917003208FA /* Debug */ = {
			isa = XCBuildConfiguration;
			buildSettings = {
				ALWAYS_EMBED_SWIFT_STANDARD_LIBRARIES = YES;
				CODE_SIGN_STYLE = Automatic;
				CURRENT_PROJECT_VERSION = 1;
				DEVELOPMENT_TEAM = 27AVALAT87;
				GENERATE_INFOPLIST_FILE = YES;
				IPHONEOS_DEPLOYMENT_TARGET = 17.2;
				MACOSX_DEPLOYMENT_TARGET = 14.2;
				MARKETING_VERSION = 1.0;
				PRODUCT_BUNDLE_IDENTIFIER = com.sixfivesoftware.WebSocketExampleUITests;
				PRODUCT_NAME = "$(TARGET_NAME)";
				SDKROOT = auto;
				SUPPORTED_PLATFORMS = "iphoneos iphonesimulator macosx";
				SWIFT_EMIT_LOC_STRINGS = NO;
				SWIFT_VERSION = 5.0;
				TARGETED_DEVICE_FAMILY = "1,2";
				TEST_TARGET_NAME = WebSocketExample;
			};
			name = Debug;
		};
		3B47F00A2B521917003208FA /* Release */ = {
			isa = XCBuildConfiguration;
			buildSettings = {
				ALWAYS_EMBED_SWIFT_STANDARD_LIBRARIES = YES;
				CODE_SIGN_STYLE = Automatic;
				CURRENT_PROJECT_VERSION = 1;
				DEVELOPMENT_TEAM = 27AVALAT87;
				GENERATE_INFOPLIST_FILE = YES;
				IPHONEOS_DEPLOYMENT_TARGET = 17.2;
				MACOSX_DEPLOYMENT_TARGET = 14.2;
				MARKETING_VERSION = 1.0;
				PRODUCT_BUNDLE_IDENTIFIER = com.sixfivesoftware.WebSocketExampleUITests;
				PRODUCT_NAME = "$(TARGET_NAME)";
				SDKROOT = auto;
				SUPPORTED_PLATFORMS = "iphoneos iphonesimulator macosx";
				SWIFT_EMIT_LOC_STRINGS = NO;
				SWIFT_VERSION = 5.0;
				TARGETED_DEVICE_FAMILY = "1,2";
				TEST_TARGET_NAME = WebSocketExample;
			};
			name = Release;
		};
/* End XCBuildConfiguration section */

/* Begin XCConfigurationList section */
		3B47EFD82B521914003208FA /* Build configuration list for PBXProject "WebSocketExample" */ = {
			isa = XCConfigurationList;
			buildConfigurations = (
				3B47F0002B521917003208FA /* Debug */,
				3B47F0012B521917003208FA /* Release */,
			);
			defaultConfigurationIsVisible = 0;
			defaultConfigurationName = Release;
		};
		3B47F0022B521917003208FA /* Build configuration list for PBXNativeTarget "WebSocketExample" */ = {
			isa = XCConfigurationList;
			buildConfigurations = (
				3B47F0032B521917003208FA /* Debug */,
				3B47F0042B521917003208FA /* Release */,
			);
			defaultConfigurationIsVisible = 0;
			defaultConfigurationName = Release;
		};
		3B47F0052B521917003208FA /* Build configuration list for PBXNativeTarget "WebSocketExampleTests" */ = {
			isa = XCConfigurationList;
			buildConfigurations = (
				3B47F0062B521917003208FA /* Debug */,
				3B47F0072B521917003208FA /* Release */,
			);
			defaultConfigurationIsVisible = 0;
			defaultConfigurationName = Release;
		};
		3B47F0082B521917003208FA /* Build configuration list for PBXNativeTarget "WebSocketExampleUITests" */ = {
			isa = XCConfigurationList;
			buildConfigurations = (
				3B47F0092B521917003208FA /* Debug */,
				3B47F00A2B521917003208FA /* Release */,
			);
			defaultConfigurationIsVisible = 0;
			defaultConfigurationName = Release;
		};
/* End XCConfigurationList section */
	};
	rootObject = 3B47EFD52B521914003208FA /* Project object */;
}
